
Microsoft Visual Studio Solution File, Format Version 12.00
# Visual Studio 15
VisualStudioVersion = 15.0.27703.2026
MinimumVisualStudioVersion = 10.0.40219.1
Project("{FAE04EC0-301F-11D3-BF4B-00C04F79EFBC}") = "CIS", "CIS\CIS.csproj", "{ADDCD25D-4CF1-4498-99DD-965B8A9C3043}"
EndProject
Global
	GlobalSection(SolutionConfigurationPlatforms) = preSolution
		Debug|Any CPU = Debug|Any CPU
		Release|Any CPU = Release|Any CPU
	EndGlobalSection
	GlobalSection(ProjectConfigurationPlatforms) = postSolution
		{ADDCD25D-4CF1-4498-99DD-965B8A9C3043}.Debug|Any CPU.ActiveCfg = Debug|Any CPU
		{ADDCD25D-4CF1-4498-99DD-965B8A9C3043}.Debug|Any CPU.Build.0 = Debug|Any CPU
		{ADDCD25D-4CF1-4498-99DD-965B8A9C3043}.Release|Any CPU.ActiveCfg = Release|Any CPU
		{ADDCD25D-4CF1-4498-99DD-965B8A9C3043}.Release|Any CPU.Build.0 = Release|Any CPU
	EndGlobalSection
	GlobalSection(SolutionProperties) = preSolution
		HideSolutionNode = FALSE
	EndGlobalSection
	GlobalSection(ExtensibilityGlobals) = postSolution
		SolutionGuid = {82D90E12-9142-4FFC-B272-A3ADE1DFC72A}
	EndGlobalSection
EndGlobal
